
Microsoft Visual Studio Solution File, Format Version 12.00
# Visual Studio Version 16
VisualStudioVersion = 16.0.30413.136
MinimumVisualStudioVersion = 10.0.40219.1
Project("{FAE04EC0-301F-11D3-BF4B-00C04F79EFBC}") = "week7Functions", "week7Functions\week7Functions.csproj", "{9474BEF7-83B2-4BD9-B294-19EADF1D98AA}"
EndProject
Project("{FAE04EC0-301F-11D3-BF4B-00C04F79EFBC}") = "Gender", "Gender\Gender.csproj", "{839E7656-F073-4692-8D40-60B9DD63D53E}"
EndProject
Project("{FAE04EC0-301F-11D3-BF4B-00C04F79EFBC}") = "functionsreturn", "functionsreturn\functionsreturn.csproj", "{67D511E4-25BB-482B-995C-F361D383D727}"
EndProject
Global
	GlobalSection(SolutionConfigurationPlatforms) = preSolution
		Debug|Any CPU = Debug|Any CPU
		Release|Any CPU = Release|Any CPU
	EndGlobalSection
	GlobalSection(ProjectConfigurationPlatforms) = postSolution
		{9474BEF7-83B2-4BD9-B294-19EADF1D98AA}.Debug|Any CPU.ActiveCfg = Debug|Any CPU
		{9474BEF7-83B2-4BD9-B294-19EADF1D98AA}.Debug|Any CPU.Build.0 = Debug|Any CPU
		{9474BEF7-83B2-4BD9-B294-19EADF1D98AA}.Release|Any CPU.ActiveCfg = Release|Any CPU
		{9474BEF7-83B2-4BD9-B294-19EADF1D98AA}.Release|Any CPU.Build.0 = Release|Any CPU
		{839E7656-F073-4692-8D40-60B9DD63D53E}.Debug|Any CPU.ActiveCfg = Debug|Any CPU
		{839E7656-F073-4692-8D40-60B9DD63D53E}.Debug|Any CPU.Build.0 = Debug|Any CPU
		{839E7656-F073-4692-8D40-60B9DD63D53E}.Release|Any CPU.ActiveCfg = Release|Any CPU
		{839E7656-F073-4692-8D40-60B9DD63D53E}.Release|Any CPU.Build.0 = Release|Any CPU
		{67D511E4-25BB-482B-995C-F361D383D727}.Debug|Any CPU.ActiveCfg = Debug|Any CPU
		{67D511E4-25BB-482B-995C-F361D383D727}.Debug|Any CPU.Build.0 = Debug|Any CPU
		{67D511E4-25BB-482B-995C-F361D383D727}.Release|Any CPU.ActiveCfg = Release|Any CPU
		{67D511E4-25BB-482B-995C-F361D383D727}.Release|Any CPU.Build.0 = Release|Any CPU
	EndGlobalSection
	GlobalSection(SolutionProperties) = preSolution
		HideSolutionNode = FALSE
	EndGlobalSection
	GlobalSection(ExtensibilityGlobals) = postSolution
		SolutionGuid = {35470398-E554-401D-AE1E-17DE2C758D2B}
	EndGlobalSection
EndGlobal
